
Microsoft Visual Studio Solution File, Format Version 12.00
# Visual Studio Version 16
VisualStudioVersion = 16.0.30413.136
MinimumVisualStudioVersion = 10.0.40219.1
Project("{FAE04EC0-301F-11D3-BF4B-00C04F79EFBC}") = "PDC10-SISON", "PDC10-SISON\PDC10-SISON.csproj", "{526C76FA-5ADC-4340-B279-F4B80A4B8606}"
EndProject
Global
	GlobalSection(SolutionConfigurationPlatforms) = preSolution
		Debug|Any CPU = Debug|Any CPU
		Release|Any CPU = Release|Any CPU
	EndGlobalSection
	GlobalSection(ProjectConfigurationPlatforms) = postSolution
		{526C76FA-5ADC-4340-B279-F4B80A4B8606}.Debug|Any CPU.ActiveCfg = Debug|Any CPU
		{526C76FA-5ADC-4340-B279-F4B80A4B8606}.Debug|Any CPU.Build.0 = Debug|Any CPU
		{526C76FA-5ADC-4340-B279-F4B80A4B8606}.Release|Any CPU.ActiveCfg = Release|Any CPU
		{526C76FA-5ADC-4340-B279-F4B80A4B8606}.Release|Any CPU.Build.0 = Release|Any CPU
	EndGlobalSection
	GlobalSection(SolutionProperties) = preSolution
		HideSolutionNode = FALSE
	EndGlobalSection
	GlobalSection(ExtensibilityGlobals) = postSolution
		SolutionGuid = {A69F7C52-2476-4C7D-BCC4-0773B8DE94F4}
	EndGlobalSection
EndGlobal
